
Microsoft Visual Studio Solution File, Format Version 12.00
# Visual Studio 15
VisualStudioVersion = 15.0.28307.1169
MinimumVisualStudioVersion = 10.0.40219.1
Project("{FAE04EC0-301F-11D3-BF4B-00C04F79EFBC}") = "KataShell", "KataShell\KataShell.csproj", "{E1E3C031-4B9C-4337-B4EC-5ACA3DB37A5D}"
EndProject
Project("{FAE04EC0-301F-11D3-BF4B-00C04F79EFBC}") = "KataSpeedProfilerModule", "KataSpeedProfilerModule\KataSpeedProfilerModule.csproj", "{4E1515E8-5E6F-4891-B21A-C8D10E2251BC}"
EndProject
Project("{9A19103F-16F7-4668-BE54-9A1E7A4F7556}") = "KataShellUnitTests", "KataShellUnitTests\KataShellUnitTests.csproj", "{3E5DED7F-CD21-4FFF-A6EA-47BE70CDC77F}"
EndProject
Project("{9A19103F-16F7-4668-BE54-9A1E7A4F7556}") = "KataDataModule", "KataDataModule\KataDataModule.csproj", "{679815C8-195F-40DF-A59A-858C62A97C15}"
EndProject
Project("{9A19103F-16F7-4668-BE54-9A1E7A4F7556}") = "KataIocModule", "KataIocModule\KataIocModule.csproj", "{44755BD8-0C13-4E0E-A38A-623D155A3BF8}"
EndProject
Project("{9A19103F-16F7-4668-BE54-9A1E7A4F7556}") = "SpeedProfilerUnitTests", "SpeedProfilerUnitTests\SpeedProfilerUnitTests.csproj", "{6D392B13-3F29-41EA-9094-A95882154631}"
EndProject
Global
	GlobalSection(SolutionConfigurationPlatforms) = preSolution
		Debug|Any CPU = Debug|Any CPU
		Release|Any CPU = Release|Any CPU
	EndGlobalSection
	GlobalSection(ProjectConfigurationPlatforms) = postSolution
		{E1E3C031-4B9C-4337-B4EC-5ACA3DB37A5D}.Debug|Any CPU.ActiveCfg = Debug|Any CPU
		{E1E3C031-4B9C-4337-B4EC-5ACA3DB37A5D}.Debug|Any CPU.Build.0 = Debug|Any CPU
		{E1E3C031-4B9C-4337-B4EC-5ACA3DB37A5D}.Release|Any CPU.ActiveCfg = Release|Any CPU
		{E1E3C031-4B9C-4337-B4EC-5ACA3DB37A5D}.Release|Any CPU.Build.0 = Release|Any CPU
		{4E1515E8-5E6F-4891-B21A-C8D10E2251BC}.Debug|Any CPU.ActiveCfg = Debug|Any CPU
		{4E1515E8-5E6F-4891-B21A-C8D10E2251BC}.Debug|Any CPU.Build.0 = Debug|Any CPU
		{4E1515E8-5E6F-4891-B21A-C8D10E2251BC}.Release|Any CPU.ActiveCfg = Release|Any CPU
		{4E1515E8-5E6F-4891-B21A-C8D10E2251BC}.Release|Any CPU.Build.0 = Release|Any CPU
		{3E5DED7F-CD21-4FFF-A6EA-47BE70CDC77F}.Debug|Any CPU.ActiveCfg = Debug|Any CPU
		{3E5DED7F-CD21-4FFF-A6EA-47BE70CDC77F}.Debug|Any CPU.Build.0 = Debug|Any CPU
		{3E5DED7F-CD21-4FFF-A6EA-47BE70CDC77F}.Release|Any CPU.ActiveCfg = Release|Any CPU
		{3E5DED7F-CD21-4FFF-A6EA-47BE70CDC77F}.Release|Any CPU.Build.0 = Release|Any CPU
		{679815C8-195F-40DF-A59A-858C62A97C15}.Debug|Any CPU.ActiveCfg = Debug|Any CPU
		{679815C8-195F-40DF-A59A-858C62A97C15}.Debug|Any CPU.Build.0 = Debug|Any CPU
		{679815C8-195F-40DF-A59A-858C62A97C15}.Release|Any CPU.ActiveCfg = Release|Any CPU
		{679815C8-195F-40DF-A59A-858C62A97C15}.Release|Any CPU.Build.0 = Release|Any CPU
		{44755BD8-0C13-4E0E-A38A-623D155A3BF8}.Debug|Any CPU.ActiveCfg = Debug|Any CPU
		{44755BD8-0C13-4E0E-A38A-623D155A3BF8}.Debug|Any CPU.Build.0 = Debug|Any CPU
		{44755BD8-0C13-4E0E-A38A-623D155A3BF8}.Release|Any CPU.ActiveCfg = Release|Any CPU
		{44755BD8-0C13-4E0E-A38A-623D155A3BF8}.Release|Any CPU.Build.0 = Release|Any CPU
		{6D392B13-3F29-41EA-9094-A95882154631}.Debug|Any CPU.ActiveCfg = Debug|Any CPU
		{6D392B13-3F29-41EA-9094-A95882154631}.Debug|Any CPU.Build.0 = Debug|Any CPU
		{6D392B13-3F29-41EA-9094-A95882154631}.Release|Any CPU.ActiveCfg = Release|Any CPU
		{6D392B13-3F29-41EA-9094-A95882154631}.Release|Any CPU.Build.0 = Release|Any CPU
	EndGlobalSection
	GlobalSection(SolutionProperties) = preSolution
		HideSolutionNode = FALSE
	EndGlobalSection
	GlobalSection(ExtensibilityGlobals) = postSolution
		SolutionGuid = {9683A3F9-F62E-401C-8FD0-1E685274F1AD}
	EndGlobalSection
EndGlobal
